[[package]]
name = "brain-games"
version = "0.5.1"
description = "first of four training projects"
category = "main"
optional = false
python-versions = ">=3.8,<4.0"

[package.dependencies]
prompt = ">=0.4.1,<0.5.0"
pyprimer = ">=0.1.0,<0.2.0"

[[package]]
name = "prompt"
version = "0.4.1"
description = "Library for prompting input on the command line."
category = "main"
optional = false
python-versions = ">=3.3"

[[package]]
name = "pyprimer"
version = "0.1.0"
description = "A simple collection of prime number related functions."
category = "main"
optional = false
python-versions = ">=3.6"

[metadata]
lock-version = "1.1"
python-versions = "^3.10"
content-hash = "ac69d40af253d7c44f3a161575abee40fc23c485e21d89ba4bfad5bfc337bd28"

[metadata.files]
brain-games = [
    {file = "brain_games-0.5.1-py3-none-any.whl", hash = "sha256:8f16e2dc18695635c4f3da38a05ff142b74c5a6a01dc6bfe1e9f85408da3d7ae"},
    {file = "brain_games-0.5.1.tar.gz", hash = "sha256:35758cd6415c777d21301e1fd7290d15e1e5a4e38a60008d2c432a0257b8c203"},
]
prompt = [
    {file = "prompt-0.4.1-py3-none-any.whl", hash = "sha256:98527de8dc3f0aa29669a39fbffeaf578ba6654dc836f737b6a5c6f9279002b7"},
    {file = "prompt-0.4.1.tar.gz", hash = "sha256:8a7694b88f8c65188a983315e72582bf42fcc251b97042be1d2a2ad1aa0ebe0e"},
]
pyprimer = [
    {file = "pyprimer-0.1.0-py3-none-any.whl", hash = "sha256:81bbd8d36b04d944d5d3f50a3cbf30e2596f8fdc834d1e18d882c4aba443b52a"},
    {file = "pyprimer-0.1.0.tar.gz", hash = "sha256:865d9cf6de71f13cfb8c971150b0d9ea82d783b70eb146f43afce8ec51070d7b"},
]
